// !$*UTF8*$!
{
	archiveVersion = 1;
	classes = {
	};
	objectVersion = 46;
	objects = {

/* Begin PBXBuildFile section */
		9F15117E1F0E6823008B0B66 /* AppDelegate.swift in Sources */ = {isa = PBXBuildFile; fileRef = 9F15117D1F0E6823008B0B66 /* AppDelegate.swift */; };
		9F1511801F0E6823008B0B66 /* ViewController.swift in Sources */ = {isa = PBXBuildFile; fileRef = 9F15117F1F0E6823008B0B66 /* ViewController.swift */; };
		9F1511831F0E6823008B0B66 /* Main.storyboard in Resources */ = {isa = PBXBuildFile; fileRef = 9F1511811F0E6823008B0B66 /* Main.storyboard */; };
		9F1511851F0E6823008B0B66 /* Assets.xcassets in Resources */ = {isa = PBXBuildFile; fileRef = 9F1511841F0E6823008B0B66 /* Assets.xcassets */; };
		9F1511881F0E6823008B0B66 /* LaunchScreen.storyboard in Resources */ = {isa = PBXBuildFile; fileRef = 9F1511861F0E6823008B0B66 /* LaunchScreen.storyboard */; };
		9F1511901F0E9468008B0B66 /* ViewController+Text.swift in Sources */ = {isa = PBXBuildFile; fileRef = 9F15118F1F0E9468008B0B66 /* ViewController+Text.swift */; };
		9F8133CC1F10E5C60063EAF3 /* Meme.swift in Sources */ = {isa = PBXBuildFile; fileRef = 9F8133CB1F10E5C60063EAF3 /* Meme.swift */; };
		9F8133CE1F10E6640063EAF3 /* ViewController+ImagePicker.swift in Sources */ = {isa = PBXBuildFile; fileRef = 9F8133CD1F10E6640063EAF3 /* ViewController+ImagePicker.swift */; };
		9F8133D01F10E6D60063EAF3 /* ViewController+Navigation.swift in Sources */ = {isa = PBXBuildFile; fileRef = 9F8133CF1F10E6D60063EAF3 /* ViewController+Navigation.swift */; };
		9FDF04F61F13EC66009BE0C0 /* SentMemesTableViewController.swift in Sources */ = {isa = PBXBuildFile; fileRef = 9FDF04F51F13EC66009BE0C0 /* SentMemesTableViewController.swift */; };
		9FDF04F81F13EC80009BE0C0 /* SentMemesCollectionViewController.swift in Sources */ = {isa = PBXBuildFile; fileRef = 9FDF04F71F13EC80009BE0C0 /* SentMemesCollectionViewController.swift */; };
/* End PBXBuildFile section */

/* Begin PBXFileReference section */
		9F15117A1F0E6823008B0B66 /* MemeMe.app */ = {isa = PBXFileReference; explicitFileType = wrapper.application; includeInIndex = 0; path = MemeMe.app; sourceTree = BUILT_PRODUCTS_DIR; };
		9F15117D1F0E6823008B0B66 /* AppDelegate.swift */ = {isa = PBXFileReference; lastKnownFileType = sourcecode.swift; path = AppDelegate.swift; sourceTree = "<group>"; };
		9F15117F1F0E6823008B0B66 /* ViewController.swift */ = {isa = PBXFileReference; lastKnownFileType = sourcecode.swift; path = ViewController.swift; sourceTree = "<group>"; };
		9F1511821F0E6823008B0B66 /* Base */ = {isa = PBXFileReference; lastKnownFileType = file.storyboard; name = Base; path = Base.lproj/Main.storyboard; sourceTree = "<group>"; };
		9F1511841F0E6823008B0B66 /* Assets.xcassets */ = {isa = PBXFileReference; lastKnownFileType = folder.assetcatalog; path = Assets.xcassets; sourceTree = "<group>"; };
		9F1511871F0E6823008B0B66 /* Base */ = {isa = PBXFileReference; lastKnownFileType = file.storyboard; name = Base; path = Base.lproj/LaunchScreen.storyboard; sourceTree = "<group>"; };
		9F1511891F0E6823008B0B66 /* Info.plist */ = {isa = PBXFileReference; lastKnownFileType = text.plist.xml; path = Info.plist; sourceTree = "<group>"; };
		9F15118F1F0E9468008B0B66 /* ViewController+Text.swift */ = {isa = PBXFileReference; fileEncoding = 4; lastKnownFileType = sourcecode.swift; path = "ViewController+Text.swift"; sourceTree = "<group>"; };
		9F8133CB1F10E5C60063EAF3 /* Meme.swift */ = {isa = PBXFileReference; fileEncoding = 4; lastKnownFileType = sourcecode.swift; path = Meme.swift; sourceTree = "<group>"; };
		9F8133CD1F10E6640063EAF3 /* ViewController+ImagePicker.swift */ = {isa = PBXFileReference; fileEncoding = 4; lastKnownFileType = sourcecode.swift; path = "ViewController+ImagePicker.swift"; sourceTree = "<group>"; };
		9F8133CF1F10E6D60063EAF3 /* ViewController+Navigation.swift */ = {isa = PBXFileReference; fileEncoding = 4; lastKnownFileType = sourcecode.swift; path = "ViewController+Navigation.swift"; sourceTree = "<group>"; };
		9FDF04F51F13EC66009BE0C0 /* SentMemesTableViewController.swift */ = {isa = PBXFileReference; fileEncoding = 4; lastKnownFileType = sourcecode.swift; path = SentMemesTableViewController.swift; sourceTree = "<group>"; };
		9FDF04F71F13EC80009BE0C0 /* SentMemesCollectionViewController.swift */ = {isa = PBXFileReference; fileEncoding = 4; lastKnownFileType = sourcecode.swift; path = SentMemesCollectionViewController.swift; sourceTree = "<group>"; };
/* End PBXFileReference section */

/* Begin PBXFrameworksBuildPhase section */
		9F1511771F0E6823008B0B66 /* Frameworks */ = {
			isa = PBXFrameworksBuildPhase;
			buildActionMask = 2147483647;
			files = (
			);
			runOnlyForDeploymentPostprocessing = 0;
		};
/* End PBXFrameworksBuildPhase section */

/* Begin PBXGroup section */
		9F1511711F0E6823008B0B66 = {
			isa = PBXGroup;
			children = (
				9F15117C1F0E6823008B0B66 /* MemeMe */,
				9F15117B1F0E6823008B0B66 /* Products */,
			);
			sourceTree = "<group>";
		};
		9F15117B1F0E6823008B0B66 /* Products */ = {
			isa = PBXGroup;
			children = (
				9F15117A1F0E6823008B0B66 /* MemeMe.app */,
			);
			name = Products;
			sourceTree = "<group>";
		};
		9F15117C1F0E6823008B0B66 /* MemeMe */ = {
			isa = PBXGroup;
			children = (
				9F15117D1F0E6823008B0B66 /* AppDelegate.swift */,
				9F15117F1F0E6823008B0B66 /* ViewController.swift */,
				9F1511811F0E6823008B0B66 /* Main.storyboard */,
				9F1511841F0E6823008B0B66 /* Assets.xcassets */,
				9F1511861F0E6823008B0B66 /* LaunchScreen.storyboard */,
				9F1511891F0E6823008B0B66 /* Info.plist */,
				9F15118F1F0E9468008B0B66 /* ViewController+Text.swift */,
				9F8133CB1F10E5C60063EAF3 /* Meme.swift */,
				9F8133CD1F10E6640063EAF3 /* ViewController+ImagePicker.swift */,
				9F8133CF1F10E6D60063EAF3 /* ViewController+Navigation.swift */,
				9FDF04F51F13EC66009BE0C0 /* SentMemesTableViewController.swift */,
				9FDF04F71F13EC80009BE0C0 /* SentMemesCollectionViewController.swift */,
			);
			path = MemeMe;
			sourceTree = "<group>";
		};
/* End PBXGroup section */

/* Begin PBXNativeTarget section */
		9F1511791F0E6823008B0B66 /* MemeMe */ = {
			isa = PBXNativeTarget;
			buildConfigurationList = 9F15118C1F0E6823008B0B66 /* Build configuration list for PBXNativeTarget "MemeMe" */;
			buildPhases = (
				9F1511761F0E6823008B0B66 /* Sources */,
				9F1511771F0E6823008B0B66 /* Frameworks */,
				9F1511781F0E6823008B0B66 /* Resources */,
			);
			buildRules = (
			);
			dependencies = (
			);
			name = MemeMe;
			productName = MemeMe;
			productReference = 9F15117A1F0E6823008B0B66 /* MemeMe.app */;
			productType = "com.apple.product-type.application";
		};
/* End PBXNativeTarget section */

/* Begin PBXProject section */
		9F1511721F0E6823008B0B66 /* Project object */ = {
			isa = PBXProject;
			attributes = {
				LastSwiftUpdateCheck = 0830;
				LastUpgradeCheck = 0830;
				ORGANIZATIONNAME = "Azeem Mohammad";
				TargetAttributes = {
					9F1511791F0E6823008B0B66 = {
						CreatedOnToolsVersion = 8.3.3;
						ProvisioningStyle = Automatic;
					};
				};
			};
			buildConfigurationList = 9F1511751F0E6823008B0B66 /* Build configuration list for PBXProject "MemeMe" */;
			compatibilityVersion = "Xcode 3.2";
			developmentRegion = English;
			hasScannedForEncodings = 0;
			knownRegions = (
				en,
				Base,
			);
			mainGroup = 9F1511711F0E6823008B0B66;
			productRefGroup = 9F15117B1F0E6823008B0B66 /* Products */;
			projectDirPath = "";
			projectRoot = "";
			targets = (
				9F1511791F0E6823008B0B66 /* MemeMe */,
			);
		};
/* End PBXProject section */

/* Begin PBXResourcesBuildPhase section */
		9F1511781F0E6823008B0B66 /* Resources */ = {
			isa = PBXResourcesBuildPhase;
			buildActionMask = 2147483647;
			files = (
				9F1511881F0E6823008B0B66 /* LaunchScreen.storyboard in Resources */,
				9F1511851F0E6823008B0B66 /* Assets.xcassets in Resources */,
				9F1511831F0E6823008B0B66 /* Main.storyboard in Resources */,
			);
			runOnlyForDeploymentPostprocessing = 0;
		};
/* End PBXResourcesBuildPhase section */

/* Begin PBXSourcesBuildPhase section */
		9F1511761F0E6823008B0B66 /* Sources */ = {
			isa = PBXSourcesBuildPhase;
			buildActionMask = 2147483647;
			files = (
				9F8133CE1F10E6640063EAF3 /* ViewController+ImagePicker.swift in Sources */,
				9FDF04F61F13EC66009BE0C0 /* SentMemesTableViewController.swift in Sources */,
				9F1511901F0E9468008B0B66 /* ViewController+Text.swift in Sources */,
				9F8133D01F10E6D60063EAF3 /* ViewController+Navigation.swift in Sources */,
				9F8133CC1F10E5C60063EAF3 /* Meme.swift in Sources */,
				9F1511801F0E6823008B0B66 /* ViewController.swift in Sources */,
				9FDF04F81F13EC80009BE0C0 /* SentMemesCollectionViewController.swift in Sources */,
				9F15117E1F0E6823008B0B66 /* AppDelegate.swift in Sources */,
			);
			runOnlyForDeploymentPostprocessing = 0;
		};
/* End PBXSourcesBuildPhase section */

/* Begin PBXVariantGroup section */
		9F1511811F0E6823008B0B66 /* Main.storyboard */ = {
			isa = PBXVariantGroup;
			children = (
				9F1511821F0E6823008B0B66 /* Base */,
			);
			name = Main.storyboard;
			sourceTree = "<group>";
		};
		9F1511861F0E6823008B0B66 /* LaunchScreen.storyboard */ = {
			isa = PBXVariantGroup;
			children = (
				9F1511871F0E6823008B0B66 /* Base */,
			);
			name = LaunchScreen.storyboard;
			sourceTree = "<group>";
		};
/* End PBXVariantGroup section */

/* Begin XCBuildConfiguration section */
		9F15118A1F0E6823008B0B66 /* Debug */ = {
			isa = XCBuildConfiguration;
			buildSettings = {
				ALWAYS_SEARCH_USER_PATHS = NO;
				CLANG_ANALYZER_NONNULL = YES;
				CLANG_ANALYZER_NUMBER_OBJECT_CONVERSION = YES_AGGRESSIVE;
				CLANG_CXX_LANGUAGE_STANDARD = "gnu++0x";
				CLANG_CXX_LIBRARY = "libc++";
				CLANG_ENABLE_MODULES = YES;
				CLANG_ENABLE_OBJC_ARC = YES;
				CLANG_WARN_BOOL_CONVERSION = YES;
				CLANG_WARN_CONSTANT_CONVERSION = YES;
				CLANG_WARN_DIRECT_OBJC_ISA_USAGE = YES_ERROR;
				CLANG_WARN_DOCUMENTATION_COMMENTS = YES;
				CLANG_WARN_EMPTY_BODY = YES;
				CLANG_WARN_ENUM_CONVERSION = YES;
				CLANG_WARN_INFINITE_RECURSION = YES;
				CLANG_WARN_INT_CONVERSION = YES;
				CLANG_WARN_OBJC_ROOT_CLASS = YES_ERROR;
				CLANG_WARN_SUSPICIOUS_MOVE = YES;
				CLANG_WARN_UNREACHABLE_CODE = YES;
				CLANG_WARN__DUPLICATE_METHOD_MATCH = YES;
				"CODE_SIGN_IDENTITY[sdk=iphoneos*]" = "iPhone Developer";
				COPY_PHASE_STRIP = NO;
				DEBUG_INFORMATION_FORMAT = dwarf;
				ENABLE_STRICT_OBJC_MSGSEND = YES;
				ENABLE_TESTABILITY = YES;
				GCC_C_LANGUAGE_STANDARD = gnu99;
				GCC_DYNAMIC_NO_PIC = NO;
				GCC_NO_COMMON_BLOCKS = YES;
				GCC_OPTIMIZATION_LEVEL = 0;
				GCC_PREPROCESSOR_DEFINITIONS = (
					"DEBUG=1",
					"$(inherited)",
				);
				GCC_WARN_64_TO_32_BIT_CONVERSION = YES;
				GCC_WARN_ABOUT_RETURN_TYPE = YES_ERROR;
				GCC_WARN_UNDECLARED_SELECTOR = YES;
				GCC_WARN_UNINITIALIZED_AUTOS = YES_AGGRESSIVE;
				GCC_WARN_UNUSED_FUNCTION = YES;
				GCC_WARN_UNUSED_VARIABLE = YES;
				IPHONEOS_DEPLOYMENT_TARGET = 10.3;
				MTL_ENABLE_DEBUG_INFO = YES;
				ONLY_ACTIVE_ARCH = YES;
				SDKROOT = iphoneos;
				SWIFT_ACTIVE_COMPILATION_CONDITIONS = DEBUG;
				SWIFT_OPTIMIZATION_LEVEL = "-Onone";
			};
			name = Debug;
		};
		9F15118B1F0E6823008B0B66 /* Release */ = {
			isa = XCBuildConfiguration;
			buildSettings = {
				ALWAYS_SEARCH_USER_PATHS = NO;
				CLANG_ANALYZER_NONNULL = YES;
				CLANG_ANALYZER_NUMBER_OBJECT_CONVERSION = YES_AGGRESSIVE;
				CLANG_CXX_LANGUAGE_STANDARD = "gnu++0x";
				CLANG_CXX_LIBRARY = "libc++";
				CLANG_ENABLE_MODULES = YES;
				CLANG_ENABLE_OBJC_ARC = YES;
				CLANG_WARN_BOOL_CONVERSION = YES;
				CLANG_WARN_CONSTANT_CONVERSION = YES;
				CLANG_WARN_DIRECT_OBJC_ISA_USAGE = YES_ERROR;
				CLANG_WARN_DOCUMENTATION_COMMENTS = YES;
				CLANG_WARN_EMPTY_BODY = YES;
				CLANG_WARN_ENUM_CONVERSION = YES;
				CLANG_WARN_INFINITE_RECURSION = YES;
				CLANG_WARN_INT_CONVERSION = YES;
				CLANG_WARN_OBJC_ROOT_CLASS = YES_ERROR;
				CLANG_WARN_SUSPICIOUS_MOVE = YES;
				CLANG_WARN_UNREACHABLE_CODE = YES;
				CLANG_WARN__DUPLICATE_METHOD_MATCH = YES;
				"CODE_SIGN_IDENTITY[sdk=iphoneos*]" = "iPhone Developer";
				COPY_PHASE_STRIP = NO;
				DEBUG_INFORMATION_FORMAT = "dwarf-with-dsym";
				ENABLE_NS_ASSERTIONS = NO;
				ENABLE_STRICT_OBJC_MSGSEND = YES;
				GCC_C_LANGUAGE_STANDARD = gnu99;
				GCC_NO_COMMON_BLOCKS = YES;
				GCC_WARN_64_TO_32_BIT_CONVERSION = YES;
				GCC_WARN_ABOUT_RETURN_TYPE = YES_ERROR;
				GCC_WARN_UNDECLARED_SELECTOR = YES;
				GCC_WARN_UNINITIALIZED_AUTOS = YES_AGGRESSIVE;
				GCC_WARN_UNUSED_FUNCTION = YES;
				GCC_WARN_UNUSED_VARIABLE = YES;
				IPHONEOS_DEPLOYMENT_TARGET = 10.3;
				MTL_ENABLE_DEBUG_INFO = NO;
				SDKROOT = iphoneos;
				SWIFT_OPTIMIZATION_LEVEL = "-Owholemodule";
				VALIDATE_PRODUCT = YES;
			};
			name = Release;
		};
		9F15118D1F0E6823008B0B66 /* Debug */ = {
			isa = XCBuildConfiguration;
			buildSettings = {
				ASSETCATALOG_COMPILER_APPICON_NAME = AppIcon;
				INFOPLIST_FILE = MemeMe/Info.plist;
				LD_RUNPATH_SEARCH_PATHS = "$(inherited) @executable_path/Frameworks";
				PRODUCT_BUNDLE_IDENTIFIER = com.ravenclawlabs.MemeMe;
				PRODUCT_NAME = "$(TARGET_NAME)";
				SWIFT_VERSION = 3.0;
			};
			name = Debug;
		};
		9F15118E1F0E6823008B0B66 /* Release */ = {
			isa = XCBuildConfiguration;
			buildSettings = {
				ASSETCATALOG_COMPILER_APPICON_NAME = AppIcon;
				INFOPLIST_FILE = MemeMe/Info.plist;
				LD_RUNPATH_SEARCH_PATHS = "$(inherited) @executable_path/Frameworks";
				PRODUCT_BUNDLE_IDENTIFIER = com.ravenclawlabs.MemeMe;
				PRODUCT_NAME = "$(TARGET_NAME)";
				SWIFT_VERSION = 3.0;
			};
			name = Release;
		};
/* End XCBuildConfiguration section */

/* Begin XCConfigurationList section */
		9F1511751F0E6823008B0B66 /* Build configuration list for PBXProject "MemeMe" */ = {
			isa = XCConfigurationList;
			buildConfigurations = (
				9F15118A1F0E6823008B0B66 /* Debug */,
				9F15118B1F0E6823008B0B66 /* Release */,
			);
			defaultConfigurationIsVisible = 0;
			defaultConfigurationName = Release;
		};
		9F15118C1F0E6823008B0B66 /* Build configuration list for PBXNativeTarget "MemeMe" */ = {
			isa = XCConfigurationList;
			buildConfigurations = (
				9F15118D1F0E6823008B0B66 /* Debug */,
				9F15118E1F0E6823008B0B66 /* Release */,
			);
			defaultConfigurationIsVisible = 0;
			defaultConfigurationName = Release;
		};
/* End XCConfigurationList section */
	};
	rootObject = 9F1511721F0E6823008B0B66 /* Project object */;
}
